<?xml version="1.0" encoding="utf-8"?>
<Project ToolsVersion="4.0" xmlns="http://schemas.microsoft.com/developer/msbuild/2003">
  <ItemGroup>
    <Filter Include="源文件">
      <UniqueIdentifier>{4FC737F1-C7A5-4376-A066-2A32D752A2FF}</UniqueIdentifier>
      <Extensions>cpp;c;cc;cxx;c++;cppm;ixx;def;odl;idl;hpj;bat;asm;asmx</Extensions>
    </Filter>
    <Filter Include="头文件">
      <UniqueIdentifier>{93995380-89BD-4b04-88EB-625FBE52EBFB}</UniqueIdentifier>
      <Extensions>h;hh;hpp;hxx;h++;hm;inl;inc;ipp;xsd</Extensions>
    </Filter>
    <Filter Include="资源文件">
      <UniqueIdentifier>{67DA6AB6-F800-4c08-8B7A-83BB121AAD01}</UniqueIdentifier>
      <Extensions>rc;ico;cur;bmp;dlg;rc2;rct;bin;rgs;gif;jpg;jpeg;jpe;resx;tiff;tif;png;wav;mfcribbon-ms</Extensions>
    </Filter>
    <Filter Include="源文件\finish">
      <UniqueIdentifier>{1e146b83-5c38-4e41-911a-fa19b938bedb}</UniqueIdentifier>
    </Filter>
    <Filter Include="源文件\unfinish">
      <UniqueIdentifier>{7dd80b4d-197d-4807-95a8-fcb443533bd9}</UniqueIdentifier>
    </Filter>
    <Filter Include="源文件\konw_but_don%27t_konw_clear">
      <UniqueIdentifier>{b5a6738e-beab-4981-8934-32d2897e3b1e}</UniqueIdentifier>
    </Filter>
    <Filter Include="源文件\WZ">
      <UniqueIdentifier>{f1f57673-b67b-4eed-b622-e38c3ba311c1}</UniqueIdentifier>
    </Filter>
    <Filter Include="源文件\WZ\lab1">
      <UniqueIdentifier>{d43ebe2e-6c67-4b26-ac4b-1b41535bcfdb}</UniqueIdentifier>
    </Filter>
    <Filter Include="源文件\WZ\lab2">
      <UniqueIdentifier>{80cc9dd8-322a-4626-a995-7f12e847dfa6}</UniqueIdentifier>
    </Filter>
  </ItemGroup>
  <ItemGroup>
    <ClCompile Include="IQ test.cpp">
      <Filter>源文件\finish</Filter>
    </ClCompile>
    <ClCompile Include="Mashmokh and ACM.cpp">
      <Filter>源文件\finish</Filter>
    </ClCompile>
    <ClCompile Include="Mike and palindrome.cpp">
      <Filter>源文件\finish</Filter>
    </ClCompile>
    <ClCompile Include="String Task.cpp">
      <Filter>源文件\finish</Filter>
    </ClCompile>
    <ClCompile Include="Theatre Square.cpp">
      <Filter>源文件\finish</Filter>
    </ClCompile>
    <ClCompile Include="watermelon.cpp">
      <Filter>源文件\finish</Filter>
    </ClCompile>
    <ClCompile Include="Young Physicist.cpp">
      <Filter>源文件\finish</Filter>
    </ClCompile>
    <ClCompile Include="Three Activities.cpp">
      <Filter>源文件\unfinish</Filter>
    </ClCompile>
    <ClCompile Include="Taxi.cpp">
      <Filter>源文件\finish</Filter>
    </ClCompile>
    <ClCompile Include="Interesting drink.cpp">
      <Filter>源文件\finish</Filter>
    </ClCompile>
    <ClCompile Include="FileName.c">
      <Filter>源文件\finish</Filter>
    </ClCompile>
    <ClCompile Include="FileName.cpp">
      <Filter>源文件\finish</Filter>
    </ClCompile>
    <ClCompile Include="test1.cpp">
      <Filter>源文件\finish</Filter>
    </ClCompile>
    <ClCompile Include="xiaomage.cpp">
      <Filter>源文件\finish</Filter>
    </ClCompile>
    <ClCompile Include="change_change_change.cpp">
      <Filter>源文件\finish</Filter>
    </ClCompile>
    <ClCompile Include="bank_account.cpp">
      <Filter>源文件\finish</Filter>
    </ClCompile>
    <ClCompile Include="Intercept_criminals.cpp">
      <Filter>源文件\finish</Filter>
    </ClCompile>
    <ClCompile Include="Leonardo_Fibonacci_but_string.cpp">
      <Filter>源文件\konw_but_don%27t_konw_clear</Filter>
    </ClCompile>
    <ClCompile Include="Array Fix.cpp">
      <Filter>源文件\konw_but_don%27t_konw_clear</Filter>
    </ClCompile>
    <ClCompile Include="Product of Binary Decimals.cpp">
      <Filter>源文件\finish</Filter>
    </ClCompile>
    <ClCompile Include="big_problem.cpp">
      <Filter>源文件\finish</Filter>
    </ClCompile>
    <ClCompile Include="find_word_in_geci.cpp">
      <Filter>源文件\finish</Filter>
    </ClCompile>
    <ClCompile Include="B._Maximum_Sum.cpp">
      <Filter>源文件\finish</Filter>
    </ClCompile>
    <ClCompile Include="B. Progressive Square.cpp">
      <Filter>源文件\finish</Filter>
    </ClCompile>
    <ClCompile Include="B. Chaya Calendar.cpp">
      <Filter>源文件\finish</Filter>
    </ClCompile>
    <ClCompile Include="B. Rudolf and 121.cpp">
      <Filter>源文件\finish</Filter>
    </ClCompile>
    <ClCompile Include="coin_tower.cpp">
      <Filter>源文件\finish</Filter>
    </ClCompile>
    <ClCompile Include="red and blue.cpp">
      <Filter>源文件\finish</Filter>
    </ClCompile>
    <ClCompile Include="Zhnegfang_card.cpp">
      <Filter>源文件\finish</Filter>
    </ClCompile>
    <ClCompile Include="C. Choose the Different Ones!.cpp">
      <Filter>源文件\unfinish</Filter>
    </ClCompile>
    <ClCompile Include="Climb_the_stairs.cpp">
      <Filter>源文件\WZ\lab1</Filter>
    </ClCompile>
    <ClCompile Include="nixudui.cpp">
      <Filter>源文件\WZ\lab1</Filter>
    </ClCompile>
    <ClCompile Include="max_zishu_sum.cpp">
      <Filter>源文件\WZ\lab1</Filter>
    </ClCompile>
    <ClCompile Include="最长上升子序列.cpp">
      <Filter>源文件\WZ\lab2</Filter>
    </ClCompile>
    <ClCompile Include="数字三角形.cpp">
      <Filter>源文件\WZ\lab2</Filter>
    </ClCompile>
    <ClCompile Include="背包问题.cpp">
      <Filter>源文件\WZ\lab2</Filter>
    </ClCompile>
    <ClCompile Include="矩阵01变.cpp">
      <Filter>源文件\finish</Filter>
    </ClCompile>
    <ClCompile Include="运动会进行中.cpp">
      <Filter>源文件\finish</Filter>
    </ClCompile>
    <ClCompile Include="二阶前缀合、.cpp">
      <Filter>源文件\finish</Filter>
    </ClCompile>
    <ClCompile Include="门票.cpp">
      <Filter>源文件</Filter>
    </ClCompile>
    <ClCompile Include="区间修改.cpp">
      <Filter>源文件\finish</Filter>
    </ClCompile>
    <ClCompile Include="相对马高.cpp">
      <Filter>源文件\finish</Filter>
    </ClCompile>
  </ItemGroup>
  <ItemGroup>
    <ClInclude Include="resource.h">
      <Filter>头文件</Filter>
    </ClInclude>
  </ItemGroup>
  <ItemGroup>
    <ResourceCompile Include="competiton.rc">
      <Filter>资源文件</Filter>
    </ResourceCompile>
  </ItemGroup>
</Project>